
Microsoft Visual Studio Solution File, Format Version 12.00
# Visual Studio Version 17
VisualStudioVersion = 17.9.34607.119
MinimumVisualStudioVersion = 10.0.40219.1
Project("{FAE04EC0-301F-11D3-BF4B-00C04F79EFBC}") = "SQS.Supplier", "SQS.Supplier\SQS.Supplier.csproj", "{0D961F86-276D-466F-9212-72B97F03E491}"
EndProject
Project("{FAE04EC0-301F-11D3-BF4B-00C04F79EFBC}") = "SQS.Consumer", "SQS.Consumer\SQS.Consumer.csproj", "{489983E6-7D23-4A01-A92C-C1755C4F0EDA}"
EndProject
Project("{FAE04EC0-301F-11D3-BF4B-00C04F79EFBC}") = "SQS.Queue", "SQS.Queue\SQS.Queue.csproj", "{89621ECE-08E9-4173-A336-B56F2B433751}"
EndProject
Global
	GlobalSection(SolutionConfigurationPlatforms) = preSolution
		Debug|Any CPU = Debug|Any CPU
		Release|Any CPU = Release|Any CPU
	EndGlobalSection
	GlobalSection(ProjectConfigurationPlatforms) = postSolution
		{0D961F86-276D-466F-9212-72B97F03E491}.Debug|Any CPU.ActiveCfg = Debug|Any CPU
		{0D961F86-276D-466F-9212-72B97F03E491}.Debug|Any CPU.Build.0 = Debug|Any CPU
		{0D961F86-276D-466F-9212-72B97F03E491}.Release|Any CPU.ActiveCfg = Release|Any CPU
		{0D961F86-276D-466F-9212-72B97F03E491}.Release|Any CPU.Build.0 = Release|Any CPU
		{489983E6-7D23-4A01-A92C-C1755C4F0EDA}.Debug|Any CPU.ActiveCfg = Debug|Any CPU
		{489983E6-7D23-4A01-A92C-C1755C4F0EDA}.Debug|Any CPU.Build.0 = Debug|Any CPU
		{489983E6-7D23-4A01-A92C-C1755C4F0EDA}.Release|Any CPU.ActiveCfg = Release|Any CPU
		{489983E6-7D23-4A01-A92C-C1755C4F0EDA}.Release|Any CPU.Build.0 = Release|Any CPU
		{89621ECE-08E9-4173-A336-B56F2B433751}.Debug|Any CPU.ActiveCfg = Debug|Any CPU
		{89621ECE-08E9-4173-A336-B56F2B433751}.Debug|Any CPU.Build.0 = Debug|Any CPU
		{89621ECE-08E9-4173-A336-B56F2B433751}.Release|Any CPU.ActiveCfg = Release|Any CPU
		{89621ECE-08E9-4173-A336-B56F2B433751}.Release|Any CPU.Build.0 = Release|Any CPU
	EndGlobalSection
	GlobalSection(SolutionProperties) = preSolution
		HideSolutionNode = FALSE
	EndGlobalSection
	GlobalSection(ExtensibilityGlobals) = postSolution
		SolutionGuid = {3611B8FD-828E-44EA-A2DE-F96D5FA6B7D7}
	EndGlobalSection
EndGlobal
